
Microsoft Visual Studio Solution File, Format Version 12.00
# Visual Studio Version 17
VisualStudioVersion = 17.0.31903.59
MinimumVisualStudioVersion = 10.0.40219.1
Project("{FAE04EC0-301F-11D3-BF4B-00C04F79EFBC}") = "AutoFolder.ConsoleApp", "AutoFolder.ConsoleApp\AutoFolder.ConsoleApp.csproj", "{162747B4-91BF-4F49-915A-10B5495B720F}"
EndProject
Project("{FAE04EC0-301F-11D3-BF4B-00C04F79EFBC}") = "AutoFolder.Core", "AutoFolder.Core\AutoFolder.Core.csproj", "{823D913B-E06D-49F3-8EDA-E5FAAA08EFD2}"
EndProject
Project("{FAE04EC0-301F-11D3-BF4B-00C04F79EFBC}") = "AutoFolder.Tests", "AutoFolder.Tests\AutoFolder.Tests.csproj", "{2990FDFE-672D-4760-A6A5-21200BEDD931}"
EndProject
Project("{FAE04EC0-301F-11D3-BF4B-00C04F79EFBC}") = "AutoFolder.UI", "AutoFolder.UI\AutoFolder.UI.csproj", "{329CE9E2-9684-4406-8469-41D20269AF52}"
EndProject
Project("{C7167F0D-BC9F-4E6E-AFE1-012C56B48DB5}") = "AutoFolder.Package", "AutoFolder.Package\AutoFolder.Package.wapproj", "{81A3F842-1D87-40C5-A047-6AF8FC138450}"
EndProject
Global
	GlobalSection(SolutionConfigurationPlatforms) = preSolution
		Debug|Any CPU = Debug|Any CPU
		Debug|ARM = Debug|ARM
		Debug|ARM64 = Debug|ARM64
		Debug|x64 = Debug|x64
		Debug|x86 = Debug|x86
		Release|Any CPU = Release|Any CPU
		Release|ARM = Release|ARM
		Release|ARM64 = Release|ARM64
		Release|x64 = Release|x64
		Release|x86 = Release|x86
	EndGlobalSection
	GlobalSection(ProjectConfigurationPlatforms) = postSolution
		{162747B4-91BF-4F49-915A-10B5495B720F}.Debug|Any CPU.ActiveCfg = Debug|Any CPU
		{162747B4-91BF-4F49-915A-10B5495B720F}.Debug|Any CPU.Build.0 = Debug|Any CPU
		{162747B4-91BF-4F49-915A-10B5495B720F}.Debug|ARM.ActiveCfg = Debug|Any CPU
		{162747B4-91BF-4F49-915A-10B5495B720F}.Debug|ARM.Build.0 = Debug|Any CPU
		{162747B4-91BF-4F49-915A-10B5495B720F}.Debug|ARM64.ActiveCfg = Debug|Any CPU
		{162747B4-91BF-4F49-915A-10B5495B720F}.Debug|ARM64.Build.0 = Debug|Any CPU
		{162747B4-91BF-4F49-915A-10B5495B720F}.Debug|x64.ActiveCfg = Debug|Any CPU
		{162747B4-91BF-4F49-915A-10B5495B720F}.Debug|x64.Build.0 = Debug|Any CPU
		{162747B4-91BF-4F49-915A-10B5495B720F}.Debug|x86.ActiveCfg = Debug|Any CPU
		{162747B4-91BF-4F49-915A-10B5495B720F}.Debug|x86.Build.0 = Debug|Any CPU
		{162747B4-91BF-4F49-915A-10B5495B720F}.Release|Any CPU.ActiveCfg = Release|Any CPU
		{162747B4-91BF-4F49-915A-10B5495B720F}.Release|Any CPU.Build.0 = Release|Any CPU
		{162747B4-91BF-4F49-915A-10B5495B720F}.Release|ARM.ActiveCfg = Release|Any CPU
		{162747B4-91BF-4F49-915A-10B5495B720F}.Release|ARM.Build.0 = Release|Any CPU
		{162747B4-91BF-4F49-915A-10B5495B720F}.Release|ARM64.ActiveCfg = Release|Any CPU
		{162747B4-91BF-4F49-915A-10B5495B720F}.Release|ARM64.Build.0 = Release|Any CPU
		{162747B4-91BF-4F49-915A-10B5495B720F}.Release|x64.ActiveCfg = Release|Any CPU
		{162747B4-91BF-4F49-915A-10B5495B720F}.Release|x64.Build.0 = Release|Any CPU
		{162747B4-91BF-4F49-915A-10B5495B720F}.Release|x86.ActiveCfg = Release|Any CPU
		{162747B4-91BF-4F49-915A-10B5495B720F}.Release|x86.Build.0 = Release|Any CPU
		{823D913B-E06D-49F3-8EDA-E5FAAA08EFD2}.Debug|Any CPU.ActiveCfg = Debug|Any CPU
		{823D913B-E06D-49F3-8EDA-E5FAAA08EFD2}.Debug|Any CPU.Build.0 = Debug|Any CPU
		{823D913B-E06D-49F3-8EDA-E5FAAA08EFD2}.Debug|ARM.ActiveCfg = Debug|Any CPU
		{823D913B-E06D-49F3-8EDA-E5FAAA08EFD2}.Debug|ARM.Build.0 = Debug|Any CPU
		{823D913B-E06D-49F3-8EDA-E5FAAA08EFD2}.Debug|ARM64.ActiveCfg = Debug|Any CPU
		{823D913B-E06D-49F3-8EDA-E5FAAA08EFD2}.Debug|ARM64.Build.0 = Debug|Any CPU
		{823D913B-E06D-49F3-8EDA-E5FAAA08EFD2}.Debug|x64.ActiveCfg = Debug|Any CPU
		{823D913B-E06D-49F3-8EDA-E5FAAA08EFD2}.Debug|x64.Build.0 = Debug|Any CPU
		{823D913B-E06D-49F3-8EDA-E5FAAA08EFD2}.Debug|x86.ActiveCfg = Debug|Any CPU
		{823D913B-E06D-49F3-8EDA-E5FAAA08EFD2}.Debug|x86.Build.0 = Debug|Any CPU
		{823D913B-E06D-49F3-8EDA-E5FAAA08EFD2}.Release|Any CPU.ActiveCfg = Release|Any CPU
		{823D913B-E06D-49F3-8EDA-E5FAAA08EFD2}.Release|Any CPU.Build.0 = Release|Any CPU
		{823D913B-E06D-49F3-8EDA-E5FAAA08EFD2}.Release|ARM.ActiveCfg = Release|Any CPU
		{823D913B-E06D-49F3-8EDA-E5FAAA08EFD2}.Release|ARM.Build.0 = Release|Any CPU
		{823D913B-E06D-49F3-8EDA-E5FAAA08EFD2}.Release|ARM64.ActiveCfg = Release|Any CPU
		{823D913B-E06D-49F3-8EDA-E5FAAA08EFD2}.Release|ARM64.Build.0 = Release|Any CPU
		{823D913B-E06D-49F3-8EDA-E5FAAA08EFD2}.Release|x64.ActiveCfg = Release|Any CPU
		{823D913B-E06D-49F3-8EDA-E5FAAA08EFD2}.Release|x64.Build.0 = Release|Any CPU
		{823D913B-E06D-49F3-8EDA-E5FAAA08EFD2}.Release|x86.ActiveCfg = Release|Any CPU
		{823D913B-E06D-49F3-8EDA-E5FAAA08EFD2}.Release|x86.Build.0 = Release|Any CPU
		{2990FDFE-672D-4760-A6A5-21200BEDD931}.Debug|Any CPU.ActiveCfg = Debug|Any CPU
		{2990FDFE-672D-4760-A6A5-21200BEDD931}.Debug|Any CPU.Build.0 = Debug|Any CPU
		{2990FDFE-672D-4760-A6A5-21200BEDD931}.Debug|ARM.ActiveCfg = Debug|Any CPU
		{2990FDFE-672D-4760-A6A5-21200BEDD931}.Debug|ARM.Build.0 = Debug|Any CPU
		{2990FDFE-672D-4760-A6A5-21200BEDD931}.Debug|ARM64.ActiveCfg = Debug|Any CPU
		{2990FDFE-672D-4760-A6A5-21200BEDD931}.Debug|ARM64.Build.0 = Debug|Any CPU
		{2990FDFE-672D-4760-A6A5-21200BEDD931}.Debug|x64.ActiveCfg = Debug|Any CPU
		{2990FDFE-672D-4760-A6A5-21200BEDD931}.Debug|x64.Build.0 = Debug|Any CPU
		{2990FDFE-672D-4760-A6A5-21200BEDD931}.Debug|x86.ActiveCfg = Debug|Any CPU
		{2990FDFE-672D-4760-A6A5-21200BEDD931}.Debug|x86.Build.0 = Debug|Any CPU
		{2990FDFE-672D-4760-A6A5-21200BEDD931}.Release|Any CPU.ActiveCfg = Release|Any CPU
		{2990FDFE-672D-4760-A6A5-21200BEDD931}.Release|Any CPU.Build.0 = Release|Any CPU
		{2990FDFE-672D-4760-A6A5-21200BEDD931}.Release|ARM.ActiveCfg = Release|Any CPU
		{2990FDFE-672D-4760-A6A5-21200BEDD931}.Release|ARM.Build.0 = Release|Any CPU
		{2990FDFE-672D-4760-A6A5-21200BEDD931}.Release|ARM64.ActiveCfg = Release|Any CPU
		{2990FDFE-672D-4760-A6A5-21200BEDD931}.Release|ARM64.Build.0 = Release|Any CPU
		{2990FDFE-672D-4760-A6A5-21200BEDD931}.Release|x64.ActiveCfg = Release|Any CPU
		{2990FDFE-672D-4760-A6A5-21200BEDD931}.Release|x64.Build.0 = Release|Any CPU
		{2990FDFE-672D-4760-A6A5-21200BEDD931}.Release|x86.ActiveCfg = Release|Any CPU
		{2990FDFE-672D-4760-A6A5-21200BEDD931}.Release|x86.Build.0 = Release|Any CPU
		{329CE9E2-9684-4406-8469-41D20269AF52}.Debug|Any CPU.ActiveCfg = Debug|Any CPU
		{329CE9E2-9684-4406-8469-41D20269AF52}.Debug|Any CPU.Build.0 = Debug|Any CPU
		{329CE9E2-9684-4406-8469-41D20269AF52}.Debug|ARM.ActiveCfg = Debug|Any CPU
		{329CE9E2-9684-4406-8469-41D20269AF52}.Debug|ARM.Build.0 = Debug|Any CPU
		{329CE9E2-9684-4406-8469-41D20269AF52}.Debug|ARM64.ActiveCfg = Debug|Any CPU
		{329CE9E2-9684-4406-8469-41D20269AF52}.Debug|ARM64.Build.0 = Debug|Any CPU
		{329CE9E2-9684-4406-8469-41D20269AF52}.Debug|x64.ActiveCfg = Debug|Any CPU
		{329CE9E2-9684-4406-8469-41D20269AF52}.Debug|x64.Build.0 = Debug|Any CPU
		{329CE9E2-9684-4406-8469-41D20269AF52}.Debug|x86.ActiveCfg = Debug|Any CPU
		{329CE9E2-9684-4406-8469-41D20269AF52}.Debug|x86.Build.0 = Debug|Any CPU
		{329CE9E2-9684-4406-8469-41D20269AF52}.Release|Any CPU.ActiveCfg = Release|Any CPU
		{329CE9E2-9684-4406-8469-41D20269AF52}.Release|Any CPU.Build.0 = Release|Any CPU
		{329CE9E2-9684-4406-8469-41D20269AF52}.Release|ARM.ActiveCfg = Release|Any CPU
		{329CE9E2-9684-4406-8469-41D20269AF52}.Release|ARM.Build.0 = Release|Any CPU
		{329CE9E2-9684-4406-8469-41D20269AF52}.Release|ARM64.ActiveCfg = Release|Any CPU
		{329CE9E2-9684-4406-8469-41D20269AF52}.Release|ARM64.Build.0 = Release|Any CPU
		{329CE9E2-9684-4406-8469-41D20269AF52}.Release|x64.ActiveCfg = Release|Any CPU
		{329CE9E2-9684-4406-8469-41D20269AF52}.Release|x64.Build.0 = Release|Any CPU
		{329CE9E2-9684-4406-8469-41D20269AF52}.Release|x86.ActiveCfg = Release|Any CPU
		{329CE9E2-9684-4406-8469-41D20269AF52}.Release|x86.Build.0 = Release|Any CPU
		{81A3F842-1D87-40C5-A047-6AF8FC138450}.Debug|Any CPU.ActiveCfg = Debug|Any CPU
		{81A3F842-1D87-40C5-A047-6AF8FC138450}.Debug|Any CPU.Build.0 = Debug|Any CPU
		{81A3F842-1D87-40C5-A047-6AF8FC138450}.Debug|Any CPU.Deploy.0 = Debug|Any CPU
		{81A3F842-1D87-40C5-A047-6AF8FC138450}.Debug|ARM.ActiveCfg = Debug|ARM
		{81A3F842-1D87-40C5-A047-6AF8FC138450}.Debug|ARM.Build.0 = Debug|ARM
		{81A3F842-1D87-40C5-A047-6AF8FC138450}.Debug|ARM.Deploy.0 = Debug|ARM
		{81A3F842-1D87-40C5-A047-6AF8FC138450}.Debug|ARM64.ActiveCfg = Debug|ARM64
		{81A3F842-1D87-40C5-A047-6AF8FC138450}.Debug|ARM64.Build.0 = Debug|ARM64
		{81A3F842-1D87-40C5-A047-6AF8FC138450}.Debug|ARM64.Deploy.0 = Debug|ARM64
		{81A3F842-1D87-40C5-A047-6AF8FC138450}.Debug|x64.ActiveCfg = Debug|x64
		{81A3F842-1D87-40C5-A047-6AF8FC138450}.Debug|x64.Build.0 = Debug|x64
		{81A3F842-1D87-40C5-A047-6AF8FC138450}.Debug|x64.Deploy.0 = Debug|x64
		{81A3F842-1D87-40C5-A047-6AF8FC138450}.Debug|x86.ActiveCfg = Debug|x86
		{81A3F842-1D87-40C5-A047-6AF8FC138450}.Debug|x86.Build.0 = Debug|x86
		{81A3F842-1D87-40C5-A047-6AF8FC138450}.Debug|x86.Deploy.0 = Debug|x86
		{81A3F842-1D87-40C5-A047-6AF8FC138450}.Release|Any CPU.ActiveCfg = Release|Any CPU
		{81A3F842-1D87-40C5-A047-6AF8FC138450}.Release|Any CPU.Build.0 = Release|Any CPU
		{81A3F842-1D87-40C5-A047-6AF8FC138450}.Release|Any CPU.Deploy.0 = Release|Any CPU
		{81A3F842-1D87-40C5-A047-6AF8FC138450}.Release|ARM.ActiveCfg = Release|ARM
		{81A3F842-1D87-40C5-A047-6AF8FC138450}.Release|ARM.Build.0 = Release|ARM
		{81A3F842-1D87-40C5-A047-6AF8FC138450}.Release|ARM.Deploy.0 = Release|ARM
		{81A3F842-1D87-40C5-A047-6AF8FC138450}.Release|ARM64.ActiveCfg = Release|ARM64
		{81A3F842-1D87-40C5-A047-6AF8FC138450}.Release|ARM64.Build.0 = Release|ARM64
		{81A3F842-1D87-40C5-A047-6AF8FC138450}.Release|ARM64.Deploy.0 = Release|ARM64
		{81A3F842-1D87-40C5-A047-6AF8FC138450}.Release|x64.ActiveCfg = Release|x64
		{81A3F842-1D87-40C5-A047-6AF8FC138450}.Release|x64.Build.0 = Release|x64
		{81A3F842-1D87-40C5-A047-6AF8FC138450}.Release|x64.Deploy.0 = Release|x64
		{81A3F842-1D87-40C5-A047-6AF8FC138450}.Release|x86.ActiveCfg = Release|x86
		{81A3F842-1D87-40C5-A047-6AF8FC138450}.Release|x86.Build.0 = Release|x86
		{81A3F842-1D87-40C5-A047-6AF8FC138450}.Release|x86.Deploy.0 = Release|x86
	EndGlobalSection
	GlobalSection(SolutionProperties) = preSolution
		HideSolutionNode = FALSE
	EndGlobalSection
EndGlobal
